
Microsoft Visual Studio Solution File, Format Version 12.00
Project("{FAE04EC0-301F-11D3-BF4B-00C04F79EFBC}") = "Celstial Optimizer", "Celstial Optimizer\Celstial Optimizer.csproj", "{7E27DED9-168F-4579-8D38-922E90D58717}"
EndProject
Global
	GlobalSection(SolutionConfigurationPlatforms) = preSolution
		Debug|Any CPU = Debug|Any CPU
		Release|Any CPU = Release|Any CPU
	EndGlobalSection
	GlobalSection(ProjectConfigurationPlatforms) = postSolution
		{7E27DED9-168F-4579-8D38-922E90D58717}.Debug|Any CPU.ActiveCfg = Debug|Any CPU
		{7E27DED9-168F-4579-8D38-922E90D58717}.Debug|Any CPU.Build.0 = Debug|Any CPU
		{7E27DED9-168F-4579-8D38-922E90D58717}.Release|Any CPU.ActiveCfg = Release|Any CPU
		{7E27DED9-168F-4579-8D38-922E90D58717}.Release|Any CPU.Build.0 = Release|Any CPU
	EndGlobalSection
EndGlobal
